
Microsoft Visual Studio Solution File, Format Version 11.00
# Visual Studio 2010
Project("{FAE04EC0-301F-11D3-BF4B-00C04F79EFBC}") = "UCSM_Endgame_Hanoy-master", "Assembly-CSharp.csproj", "{6F979BBC-C5DB-E3E5-8B41-49DE4B15BAB2}"
EndProject
Global
	GlobalSection(SolutionConfigurationPlatforms) = preSolution
		Debug|Any CPU = Debug|Any CPU
		Release|Any CPU = Release|Any CPU
	EndGlobalSection
	GlobalSection(ProjectConfigurationPlatforms) = postSolution
		{6F979BBC-C5DB-E3E5-8B41-49DE4B15BAB2}.Debug|Any CPU.ActiveCfg = Debug|Any CPU
		{6F979BBC-C5DB-E3E5-8B41-49DE4B15BAB2}.Debug|Any CPU.Build.0 = Debug|Any CPU
		{6F979BBC-C5DB-E3E5-8B41-49DE4B15BAB2}.Release|Any CPU.ActiveCfg = Release|Any CPU
		{6F979BBC-C5DB-E3E5-8B41-49DE4B15BAB2}.Release|Any CPU.Build.0 = Release|Any CPU
	EndGlobalSection
	GlobalSection(SolutionProperties) = preSolution
		HideSolutionNode = FALSE
	EndGlobalSection
	GlobalSection(MonoDevelopProperties) = preSolution
		StartupItem = Assembly-CSharp.csproj
	EndGlobalSection
EndGlobal
